# This file is automatically @generated by Poetry 1.8.2 and should not be changed by hand.

[[package]]
name = "customtkinter"
version = "5.2.2"
description = "Create modern looking GUIs with Python"
optional = false
python-versions = ">=3.7"
files = [
    {file = "customtkinter-5.2.2-py3-none-any.whl", hash = "sha256:14ad3e7cd3cb3b9eb642b9d4e8711ae80d3f79fb82545ad11258eeffb2e6b37c"},
    {file = "customtkinter-5.2.2.tar.gz", hash = "sha256:fd8db3bafa961c982ee6030dba80b4c2e25858630756b513986db19113d8d207"},
]

[package.dependencies]
darkdetect = "*"
packaging = "*"

[[package]]
name = "darkdetect"
version = "0.8.0"
description = "Detect OS Dark Mode from Python"
optional = false
python-versions = ">=3.6"
files = [
    {file = "darkdetect-0.8.0-py3-none-any.whl", hash = "sha256:a7509ccf517eaad92b31c214f593dbcf138ea8a43b2935406bbd565e15527a85"},
    {file = "darkdetect-0.8.0.tar.gz", hash = "sha256:b5428e1170263eb5dea44c25dc3895edd75e6f52300986353cd63533fe7df8b1"},
]

[package.extras]
macos-listener = ["pyobjc-framework-Cocoa"]

[[package]]
name = "packaging"
version = "25.0"
description = "Core utilities for Python packages"
optional = false
python-versions = ">=3.8"
files = [
    {file = "packaging-25.0-py3-none-any.whl", hash = "sha256:29572ef2b1f17581046b3a2227d5c611fb25ec70ca1ba8554b24b0e69331a484"},
    {file = "packaging-25.0.tar.gz", hash = "sha256:d443872c98d677bf60f6a1f2f8c1cb748e8fe762d2bf9d3148b5599295b0fc4f"},
]

[[package]]
name = "pydicom"
version = "3.0.1"
description = "A pure Python package for reading and writing DICOM data"
optional = false
python-versions = ">=3.10"
files = [
    {file = "pydicom-3.0.1-py3-none-any.whl", hash = "sha256:db32f78b2641bd7972096b8289111ddab01fb221610de8d7afa835eb938adb41"},
    {file = "pydicom-3.0.1.tar.gz", hash = "sha256:7b8be344b5b62493c9452ba6f5a299f78f8a6ab79786c729b0613698209603ec"},
]

[package.extras]
basic = ["numpy", "types-pydicom"]
dev = ["black (==24.8.0)", "mypy (==1.11.2)", "pre-commit", "pydicom-data", "pytest", "pytest-cov", "ruff (==0.6.3)", "types-requests"]
docs = ["matplotlib", "numpy", "numpydoc", "pillow", "sphinx", "sphinx-copybutton", "sphinx-gallery", "sphinx_rtd_theme", "sphinxcontrib-jquery", "sphinxcontrib-napoleon"]
gpl-license = ["pylibjpeg[libjpeg]"]
pixeldata = ["numpy", "pillow", "pyjpegls", "pylibjpeg[openjpeg]", "pylibjpeg[rle]", "python-gdcm"]

[metadata]
lock-version = "2.0"
python-versions = "^3.13"
content-hash = "79b13d62006dca17333f3128a013a6004a2caa3484bdf68935f7629f80e5b251"
